
Microsoft Visual Studio Solution File, Format Version 12.00
# Visual Studio 15
VisualStudioVersion = 15.0.28010.2019
MinimumVisualStudioVersion = 10.0.40219.1
Project("{8BC9CEB8-8B4A-11D0-8D11-00A0C91BC942}") = "SpelSyltCommonLibrary", "SpelSyltCommonLibrary\SpelSyltCommonLibrary.vcxproj", "{4A75E0F1-95E0-489B-9F8B-15DE73A3A01B}"
EndProject
Project("{8BC9CEB8-8B4A-11D0-8D11-00A0C91BC942}") = "RapidJsonLibrary", "RapidJsonLibrary\RapidJsonLibrary.vcxproj", "{5C473E41-C71B-4522-8662-FDBA6BB5A5F2}"
EndProject
Global
	GlobalSection(SolutionConfigurationPlatforms) = preSolution
		Debug|x64 = Debug|x64
		Debug|x86 = Debug|x86
		DebugHMtNM|x64 = DebugHMtNM|x64
		DebugHMtNM|x86 = DebugHMtNM|x86
		Release|x64 = Release|x64
		Release|x86 = Release|x86
	EndGlobalSection
	GlobalSection(ProjectConfigurationPlatforms) = postSolution
		{4A75E0F1-95E0-489B-9F8B-15DE73A3A01B}.Debug|x64.ActiveCfg = Debug|x64
		{4A75E0F1-95E0-489B-9F8B-15DE73A3A01B}.Debug|x64.Build.0 = Debug|x64
		{4A75E0F1-95E0-489B-9F8B-15DE73A3A01B}.Debug|x86.ActiveCfg = Debug|Win32
		{4A75E0F1-95E0-489B-9F8B-15DE73A3A01B}.Debug|x86.Build.0 = Debug|Win32
		{4A75E0F1-95E0-489B-9F8B-15DE73A3A01B}.DebugHMtNM|x64.ActiveCfg = Debug|x64
		{4A75E0F1-95E0-489B-9F8B-15DE73A3A01B}.DebugHMtNM|x64.Build.0 = Debug|x64
		{4A75E0F1-95E0-489B-9F8B-15DE73A3A01B}.DebugHMtNM|x86.ActiveCfg = Debug|Win32
		{4A75E0F1-95E0-489B-9F8B-15DE73A3A01B}.DebugHMtNM|x86.Build.0 = Debug|Win32
		{4A75E0F1-95E0-489B-9F8B-15DE73A3A01B}.Release|x64.ActiveCfg = Release|x64
		{4A75E0F1-95E0-489B-9F8B-15DE73A3A01B}.Release|x64.Build.0 = Release|x64
		{4A75E0F1-95E0-489B-9F8B-15DE73A3A01B}.Release|x86.ActiveCfg = Release|Win32
		{4A75E0F1-95E0-489B-9F8B-15DE73A3A01B}.Release|x86.Build.0 = Release|Win32
		{5C473E41-C71B-4522-8662-FDBA6BB5A5F2}.Debug|x64.ActiveCfg = Debug|x64
		{5C473E41-C71B-4522-8662-FDBA6BB5A5F2}.Debug|x64.Build.0 = Debug|x64
		{5C473E41-C71B-4522-8662-FDBA6BB5A5F2}.Debug|x86.ActiveCfg = Debug|Win32
		{5C473E41-C71B-4522-8662-FDBA6BB5A5F2}.Debug|x86.Build.0 = Debug|Win32
		{5C473E41-C71B-4522-8662-FDBA6BB5A5F2}.DebugHMtNM|x64.ActiveCfg = DebugHMtNM|x64
		{5C473E41-C71B-4522-8662-FDBA6BB5A5F2}.DebugHMtNM|x64.Build.0 = DebugHMtNM|x64
		{5C473E41-C71B-4522-8662-FDBA6BB5A5F2}.DebugHMtNM|x86.ActiveCfg = DebugHMtNM|Win32
		{5C473E41-C71B-4522-8662-FDBA6BB5A5F2}.DebugHMtNM|x86.Build.0 = DebugHMtNM|Win32
		{5C473E41-C71B-4522-8662-FDBA6BB5A5F2}.Release|x64.ActiveCfg = Release|x64
		{5C473E41-C71B-4522-8662-FDBA6BB5A5F2}.Release|x64.Build.0 = Release|x64
		{5C473E41-C71B-4522-8662-FDBA6BB5A5F2}.Release|x86.ActiveCfg = Release|Win32
		{5C473E41-C71B-4522-8662-FDBA6BB5A5F2}.Release|x86.Build.0 = Release|Win32
	EndGlobalSection
	GlobalSection(SolutionProperties) = preSolution
		HideSolutionNode = FALSE
	EndGlobalSection
	GlobalSection(ExtensibilityGlobals) = postSolution
		SolutionGuid = {ECC913B0-8C69-4589-AA83-570E7DDB7ACB}
	EndGlobalSection
EndGlobal
